PODS:
  - AppAuth (2.0.0):
    - AppAuth/Core (= 2.0.0)
    - AppAuth/ExternalUserAgent (= 2.0.0)
  - AppAuth/Core (2.0.0)
  - AppAuth/ExternalUserAgent (2.0.0):
    - AppAuth/Core
  - AppCheckCore (11.2.0):
    - GoogleUtilities/Environment (~> 8.0)
    - GoogleUtilities/UserDefaults (~> 8.0)
    - PromisesObjC (~> 2.4)
  - CountryPickerView (3.3.0)
  - Firebase/CoreOnly (12.3.0):
    - FirebaseCore (~> 12.3.0)
  - Firebase/Crashlytics (12.3.0):
    - Firebase/CoreOnly
    - FirebaseCrashlytics (~> 12.3.0)
  - Firebase/Messaging (12.3.0):
    - Firebase/CoreOnly
    - FirebaseMessaging (~> 12.3.0)
  - FirebaseCore (12.3.0):
    - FirebaseCoreInternal (~> 12.3.0)
    - GoogleUtilities/Environment (~> 8.1)
    - GoogleUtilities/Logger (~> 8.1)
  - FirebaseCoreExtension (12.3.0):
    - FirebaseCore (~> 12.3.0)
  - FirebaseCoreInternal (12.3.0):
    - "GoogleUtilities/NSData+zlib (~> 8.1)"
  - FirebaseCrashlytics (12.3.0):
    - FirebaseCore (~> 12.3.0)
    - FirebaseInstallations (~> 12.3.0)
    - FirebaseRemoteConfigInterop (~> 12.3.0)
    - FirebaseSessions (~> 12.3.0)
    - GoogleDataTransport (~> 10.1)
    - GoogleUtilities/Environment (~> 8.1)
    - nanopb (~> 3.30910.0)
    - PromisesObjC (~> 2.4)
  - FirebaseInstallations (12.3.0):
    - FirebaseCore (~> 12.3.0)
    - GoogleUtilities/Environment (~> 8.1)
    - GoogleUtilities/UserDefaults (~> 8.1)
    - PromisesObjC (~> 2.4)
  - FirebaseMessaging (12.3.0):
    - FirebaseCore (~> 12.3.0)
    - FirebaseInstallations (~> 12.3.0)
    - GoogleDataTransport (~> 10.1)
    - GoogleUtilities/AppDelegateSwizzler (~> 8.1)
    - GoogleUtilities/Environment (~> 8.1)
    - GoogleUtilities/Reachability (~> 8.1)
    - GoogleUtilities/UserDefaults (~> 8.1)
    - nanopb (~> 3.30910.0)
  - FirebaseRemoteConfigInterop (12.3.0)
  - FirebaseSessions (12.3.0):
    - FirebaseCore (~> 12.3.0)
    - FirebaseCoreExtension (~> 12.3.0)
    - FirebaseInstallations (~> 12.3.0)
    - GoogleDataTransport (~> 10.1)
    - GoogleUtilities/Environment (~> 8.1)
    - GoogleUtilities/UserDefaults (~> 8.1)
    - nanopb (~> 3.30910.0)
    - PromisesSwift (~> 2.1)
  - FSPagerView (0.8.3)
  - GoogleDataTransport (10.1.0):
    - nanopb (~> 3.30910.0)
    - PromisesObjC (~> 2.4)
  - GoogleMaps (9.4.0):
    - GoogleMaps/Maps (= 9.4.0)
  - GoogleMaps/Maps (9.4.0)
  - GooglePlaces (9.4.1)
  - GoogleSignIn (9.0.0):
    - AppAuth (~> 2.0)
    - AppCheckCore (~> 11.0)
    - GTMAppAuth (~> 5.0)
    - GTMSessionFetcher/Core (~> 3.3)
  - GoogleUtilities/AppDelegateSwizzler (8.1.0):
    - GoogleUtilities/Environment
    - GoogleUtilities/Logger
    - GoogleUtilities/Network
    - GoogleUtilities/Privacy
  - GoogleUtilities/Environment (8.1.0):
    - GoogleUtilities/Privacy
  - GoogleUtilities/Logger (8.1.0):
    - GoogleUtilities/Environment
    - GoogleUtilities/Privacy
  - GoogleUtilities/Network (8.1.0):
    - GoogleUtilities/Logger
    - "GoogleUtilities/NSData+zlib"
    - GoogleUtilities/Privacy
    - GoogleUtilities/Reachability
  - "GoogleUtilities/NSData+zlib (8.1.0)":
    - GoogleUtilities/Privacy
  - GoogleUtilities/Privacy (8.1.0)
  - GoogleUtilities/Reachability (8.1.0):
    - GoogleUtilities/Logger
    - GoogleUtilities/Privacy
  - GoogleUtilities/UserDefaults (8.1.0):
    - GoogleUtilities/Logger
    - GoogleUtilities/Privacy
  - GTMAppAuth (5.0.0):
    - AppAuth/Core (~> 2.0)
    - GTMSessionFetcher/Core (< 4.0, >= 3.3)
  - GTMSessionFetcher/Core (3.5.0)
  - IQKeyboardManagerSwift (6.5.16)
  - nanopb (3.30910.0):
    - nanopb/decode (= 3.30910.0)
    - nanopb/encode (= 3.30910.0)
  - nanopb/decode (3.30910.0)
  - nanopb/encode (3.30910.0)
  - PromisesObjC (2.4.0)
  - PromisesSwift (2.4.0):
    - PromisesObjC (= 2.4.0)
  - SDWebImage (5.21.5):
    - SDWebImage/Core (= 5.21.5)
  - SDWebImage/Core (5.21.5)
  - SVProgressHUD (2.3.1):
    - SVProgressHUD/Core (= 2.3.1)
  - SVProgressHUD/Core (2.3.1)
  - SwiftQRScanner (1.1.6)
  - Toast-Swift (5.1.1)

DEPENDENCIES:
  - CountryPickerView
  - Firebase/Crashlytics
  - Firebase/Messaging
  - FSPagerView
  - GoogleMaps
  - GooglePlaces
  - GoogleSignIn
  - IQKeyboardManagerSwift (~> 6.5.16)
  - SDWebImage (~> 5.0)
  - SVProgressHUD
  - SwiftQRScanner (from `https://github.com/vinodiOS/SwiftQRScanner`)
  - Toast-Swift

SPEC REPOS:
  trunk:
    - AppAuth
    - AppCheckCore
    - CountryPickerView
    - Firebase
    - FirebaseCore
    - FirebaseCoreExtension
    - FirebaseCoreInternal
    - FirebaseCrashlytics
    - FirebaseInstallations
    - FirebaseMessaging
    - FirebaseRemoteConfigInterop
    - FirebaseSessions
    - FSPagerView
    - GoogleDataTransport
    - GoogleMaps
    - GooglePlaces
    - GoogleSignIn
    - GoogleUtilities
    - GTMAppAuth
    - GTMSessionFetcher
    - IQKeyboardManagerSwift
    - nanopb
    - PromisesObjC
    - PromisesSwift
    - SDWebImage
    - SVProgressHUD
    - Toast-Swift

EXTERNAL SOURCES:
  SwiftQRScanner:
    :git: https://github.com/vinodiOS/SwiftQRScanner

CHECKOUT OPTIONS:
  SwiftQRScanner:
    :commit: c71ff91297640a944de4bca61434155c3f9b0979
    :git: https://github.com/vinodiOS/SwiftQRScanner

SPEC CHECKSUMS:
  AppAuth: 1c1a8afa7e12f2ec3a294d9882dfa5ab7d3cb063
  AppCheckCore: cc8fd0a3a230ddd401f326489c99990b013f0c4f
  CountryPickerView: 6322ada32a80b0cd721b0267282a5c24f406f263
  Firebase: f5439b235721ceeef14ca1f327c0da8e4e8556b5
  FirebaseCore: ff47fe1ad3ab9ef66edd3e8bc4647b493d2067f8
  FirebaseCoreExtension: 898ca55c7cb126f83747b32cb0daa95394b10853
  FirebaseCoreInternal: a9e1ff270f217489d9258563b693d11a312903bf
  FirebaseCrashlytics: a2a9947c0c265575a98213e7c25b0d777f6921b3
  FirebaseInstallations: ca48ec60ea51b66b9f214a91847ea3720cde97f5
  FirebaseMessaging: 919ce76cb353f0c36d463f5461d8ab584e6ed765
  FirebaseRemoteConfigInterop: 66d61ad6cee1cd2137cb8dedf468112e9ba92c6a
  FirebaseSessions: 352b204966530e5cb7036c02d8c366922210e681
  FSPagerView: 670405b2f18e2a87fa37f20b00de783e562c25a8
  GoogleDataTransport: aae35b7ea0c09004c3797d53c8c41f66f219d6a7
  GoogleMaps: 0608099d4870cac8754bdba9b6953db543432438
  GooglePlaces: 8afca6c4e946472e91298589d1640d614b51749a
  GoogleSignIn: c7f09cfbc85a1abf69187be091997c317cc33b77
  GoogleUtilities: 00c88b9a86066ef77f0da2fab05f65d7768ed8e1
  GTMAppAuth: 217a876b249c3c585a54fd6f73e6b58c4f5c4238
  GTMSessionFetcher: 5aea5ba6bd522a239e236100971f10cb71b96ab6
  IQKeyboardManagerSwift: 12d89768845bb77b55cc092ecc2b1f9370f06b76
  nanopb: fad817b59e0457d11a5dfbde799381cd727c1275
  PromisesObjC: f5707f49cb48b9636751c5b2e7d227e43fba9f47
  PromisesSwift: 9d77319bbe72ebf6d872900551f7eeba9bce2851
  SDWebImage: e9c98383c7572d713c1a0d7dd2783b10599b9838
  SVProgressHUD: 4837c74bdfe2e51e8821c397825996a8d7de6e22
  SwiftQRScanner: e85a25f9b843e9231dab89a96e441472fe54a724
  Toast-Swift: 7a03a532afe3a560d4044bc7c237e2864d295173

PODFILE CHECKSUM: caa8ab522e5eba16dcbb11384b32be7cb8bd108f

COCOAPODS: 1.16.2
